{
  "name": "jasform-landing-page",
  "version": "1.0.0",
  "lockfileVersion": 3,
  "requires": true,
  "packages": {
    "": {
      "name": "jasform-landing-page",
      "version": "1.0.0",
      "dependencies": {
        "@google/genai": "^1.37.0",
        "react": "^19.2.3",
        "react-dom": "^19.2.3"
      },
      "devDependencies": {
        "@types/react": "^19.0.0",
        "@types/react-dom": "^19.0.0",
        "typescript": "^5.0.0"
      }
    },
    "node_modules/@google/genai": {
      "version": "1.37.0",
      "resolved": "https://registry.npmjs.org/@google/genai/-/genai-1.37.0.tgz"
    },
    "node_modules/react": {
      "version": "19.2.3",
      "resolved": "https://registry.npmjs.org/react/-/react-19.2.3.tgz"
    },
    "node_modules/react-dom": {
      "version": "19.2.3",
      "resolved": "https://registry.npmjs.org/react-dom/-/react-dom-19.2.3.tgz"
    }
  }
}
